
Microsoft Visual Studio Solution File, Format Version 12.00
# Visual Studio Version 17
VisualStudioVersion = 17.7.34031.279
MinimumVisualStudioVersion = 10.0.40219.1
Project("{F184B08F-C81C-45F6-A57F-5ABD9991F28F}") = "PracFormS11-Ciclo22023", "PracFormS11-Ciclo22023.vbproj", "{31685518-F752-420F-8F9B-8F6608912E51}"
EndProject
Global
	GlobalSection(SolutionConfigurationPlatforms) = preSolution
		Debug|Any CPU = Debug|Any CPU
		Release|Any CPU = Release|Any CPU
	EndGlobalSection
	GlobalSection(ProjectConfigurationPlatforms) = postSolution
		{31685518-F752-420F-8F9B-8F6608912E51}.Debug|Any CPU.ActiveCfg = Debug|Any CPU
		{31685518-F752-420F-8F9B-8F6608912E51}.Debug|Any CPU.Build.0 = Debug|Any CPU
		{31685518-F752-420F-8F9B-8F6608912E51}.Release|Any CPU.ActiveCfg = Release|Any CPU
		{31685518-F752-420F-8F9B-8F6608912E51}.Release|Any CPU.Build.0 = Release|Any CPU
	EndGlobalSection
	GlobalSection(SolutionProperties) = preSolution
		HideSolutionNode = FALSE
	EndGlobalSection
	GlobalSection(ExtensibilityGlobals) = postSolution
		SolutionGuid = {5DC2D609-39B5-4717-AAB3-5749972853AF}
	EndGlobalSection
EndGlobal
